
Microsoft Visual Studio Solution File, Format Version 12.00
# Visual Studio Version 17
VisualStudioVersion = 17.7.34221.43
MinimumVisualStudioVersion = 10.0.40219.1
Project("{FAE04EC0-301F-11D3-BF4B-00C04F79EFBC}") = "Kalah_server", "Kalah_server\Kalah_server.csproj", "{A74EC0A8-2C70-4FA3-8112-E18D72391ED3}"
EndProject
Global
	GlobalSection(SolutionConfigurationPlatforms) = preSolution
		Debug|Any CPU = Debug|Any CPU
		Release|Any CPU = Release|Any CPU
	EndGlobalSection
	GlobalSection(ProjectConfigurationPlatforms) = postSolution
		{A74EC0A8-2C70-4FA3-8112-E18D72391ED3}.Debug|Any CPU.ActiveCfg = Debug|Any CPU
		{A74EC0A8-2C70-4FA3-8112-E18D72391ED3}.Debug|Any CPU.Build.0 = Debug|Any CPU
		{A74EC0A8-2C70-4FA3-8112-E18D72391ED3}.Release|Any CPU.ActiveCfg = Release|Any CPU
		{A74EC0A8-2C70-4FA3-8112-E18D72391ED3}.Release|Any CPU.Build.0 = Release|Any CPU
	EndGlobalSection
	GlobalSection(SolutionProperties) = preSolution
		HideSolutionNode = FALSE
	EndGlobalSection
	GlobalSection(ExtensibilityGlobals) = postSolution
		SolutionGuid = {4B2510CF-546E-4339-AD66-5BD09F95B27C}
	EndGlobalSection
EndGlobal
